
Microsoft Visual Studio Solution File, Format Version 12.00
# Visual Studio Version 17
VisualStudioVersion = 17.5.002.0
MinimumVisualStudioVersion = 10.0.40219.1
Project("{9A19103F-16F7-4668-BE54-9A1E7A4F7556}") = "Final-Project-4360", "Final-Project-4360.csproj", "{65BEAA83-A856-4DDA-9D6E-258583CF3EB4}"
EndProject
Global
	GlobalSection(SolutionConfigurationPlatforms) = preSolution
		Debug|Any CPU = Debug|Any CPU
		Release|Any CPU = Release|Any CPU
	EndGlobalSection
	GlobalSection(ProjectConfigurationPlatforms) = postSolution
		{65BEAA83-A856-4DDA-9D6E-258583CF3EB4}.Debug|Any CPU.ActiveCfg = Debug|Any CPU
		{65BEAA83-A856-4DDA-9D6E-258583CF3EB4}.Debug|Any CPU.Build.0 = Debug|Any CPU
		{65BEAA83-A856-4DDA-9D6E-258583CF3EB4}.Release|Any CPU.ActiveCfg = Release|Any CPU
		{65BEAA83-A856-4DDA-9D6E-258583CF3EB4}.Release|Any CPU.Build.0 = Release|Any CPU
	EndGlobalSection
	GlobalSection(SolutionProperties) = preSolution
		HideSolutionNode = FALSE
	EndGlobalSection
	GlobalSection(ExtensibilityGlobals) = postSolution
		SolutionGuid = {06AEDD47-881B-4354-BBDD-572D5990D8E4}
	EndGlobalSection
EndGlobal
